PODS:
  - Flutter (1.0.0)
  - real_location (0.0.1):
    - Flutter

DEPENDENCIES:
  - Flutter (from `Flutter`)
  - real_location (from `.symlinks/plugins/real_location/ios`)

EXTERNAL SOURCES:
  Flutter:
    :path: Flutter
  real_location:
    :path: ".symlinks/plugins/real_location/ios"

SPEC CHECKSUMS:
  Flutter: 434fef37c0980e73bb6479ef766c45957d4b510c
  real_location: a74ee9b2121176a1247b0c8209c2fab4a4763e6b

PODFILE CHECKSUM: aafe91acc616949ddb318b77800a7f51bffa2a4c

COCOAPODS: 1.10.1
